{
  "object": {
    "pins": [
      {
        "package": "Base32",
        "repositoryURL": "https://github.com/norio-nomura/Base32.git",
        "state": {
          "branch": null,
          "revision": "8e33ed4b6d4631e711a56a6f723f6ddaf6294838",
          "version": "0.6.0"
        }
      },
      {
        "package": "CryptoSwift",
        "repositoryURL": "https://github.com/krzyzanowskim/CryptoSwift.git",
        "state": {
          "branch": null,
          "revision": "f2ca9c377d4b44596a131e37eeb908221fb6e6be",
          "version": "0.8.3"
        }
      }
    ]
  },
  "version": 1
}
